
Microsoft Visual Studio Solution File, Format Version 12.00
# Visual Studio 14
VisualStudioVersion = 14.0.23107.0
MinimumVisualStudioVersion = 10.0.40219.1
Project("{FAE04EC0-301F-11D3-BF4B-00C04F79EFBC}") = "Media_Tracker", "Media_Tracker\Media_Tracker.csproj", "{9E27CE91-F5F1-4757-B1CB-EAA41B0A868F}"
EndProject
Global
	GlobalSection(SolutionConfigurationPlatforms) = preSolution
		Debug|Any CPU = Debug|Any CPU
		Release|Any CPU = Release|Any CPU
	EndGlobalSection
	GlobalSection(ProjectConfigurationPlatforms) = postSolution
		{9E27CE91-F5F1-4757-B1CB-EAA41B0A868F}.Debug|Any CPU.ActiveCfg = Debug|Any CPU
		{9E27CE91-F5F1-4757-B1CB-EAA41B0A868F}.Debug|Any CPU.Build.0 = Debug|Any CPU
		{9E27CE91-F5F1-4757-B1CB-EAA41B0A868F}.Release|Any CPU.ActiveCfg = Release|Any CPU
		{9E27CE91-F5F1-4757-B1CB-EAA41B0A868F}.Release|Any CPU.Build.0 = Release|Any CPU
	EndGlobalSection
	GlobalSection(SolutionProperties) = preSolution
		HideSolutionNode = FALSE
	EndGlobalSection
EndGlobal
